
Microsoft Visual Studio Solution File, Format Version 12.00
# Visual Studio Version 17
VisualStudioVersion = 17.6.33815.320
MinimumVisualStudioVersion = 10.0.40219.1
Project("{FAE04EC0-301F-11D3-BF4B-00C04F79EFBC}") = "11_Reverse_Array_Without_Reverse_", "11_Reverse_Array_Without_Reverse_\11_Reverse_Array_Without_Reverse_.csproj", "{200CDAA6-7957-4659-937B-8C5405E5ACED}"
EndProject
Global
	GlobalSection(SolutionConfigurationPlatforms) = preSolution
		Debug|Any CPU = Debug|Any CPU
		Release|Any CPU = Release|Any CPU
	EndGlobalSection
	GlobalSection(ProjectConfigurationPlatforms) = postSolution
		{200CDAA6-7957-4659-937B-8C5405E5ACED}.Debug|Any CPU.ActiveCfg = Debug|Any CPU
		{200CDAA6-7957-4659-937B-8C5405E5ACED}.Debug|Any CPU.Build.0 = Debug|Any CPU
		{200CDAA6-7957-4659-937B-8C5405E5ACED}.Release|Any CPU.ActiveCfg = Release|Any CPU
		{200CDAA6-7957-4659-937B-8C5405E5ACED}.Release|Any CPU.Build.0 = Release|Any CPU
	EndGlobalSection
	GlobalSection(SolutionProperties) = preSolution
		HideSolutionNode = FALSE
	EndGlobalSection
	GlobalSection(ExtensibilityGlobals) = postSolution
		SolutionGuid = {048C0B86-6016-48D6-AB7B-8787F945412D}
	EndGlobalSection
EndGlobal
