
Microsoft Visual Studio Solution File, Format Version 12.00
# Visual Studio Version 17
VisualStudioVersion = 17.6.33815.320
MinimumVisualStudioVersion = 10.0.40219.1
Project("{FAE04EC0-301F-11D3-BF4B-00C04F79EFBC}") = "13_BubbleSort", "13_BubbleSort\13_BubbleSort.csproj", "{EADA20B7-ADDE-481F-8E10-B07B3F6E9EE6}"
EndProject
Global
	GlobalSection(SolutionConfigurationPlatforms) = preSolution
		Debug|Any CPU = Debug|Any CPU
		Release|Any CPU = Release|Any CPU
	EndGlobalSection
	GlobalSection(ProjectConfigurationPlatforms) = postSolution
		{EADA20B7-ADDE-481F-8E10-B07B3F6E9EE6}.Debug|Any CPU.ActiveCfg = Debug|Any CPU
		{EADA20B7-ADDE-481F-8E10-B07B3F6E9EE6}.Debug|Any CPU.Build.0 = Debug|Any CPU
		{EADA20B7-ADDE-481F-8E10-B07B3F6E9EE6}.Release|Any CPU.ActiveCfg = Release|Any CPU
		{EADA20B7-ADDE-481F-8E10-B07B3F6E9EE6}.Release|Any CPU.Build.0 = Release|Any CPU
	EndGlobalSection
	GlobalSection(SolutionProperties) = preSolution
		HideSolutionNode = FALSE
	EndGlobalSection
	GlobalSection(ExtensibilityGlobals) = postSolution
		SolutionGuid = {5B617893-D601-4995-8EC1-578B558E41FB}
	EndGlobalSection
EndGlobal
