
Microsoft Visual Studio Solution File, Format Version 12.00
# Visual Studio Version 17
VisualStudioVersion = 17.6.33815.320
MinimumVisualStudioVersion = 10.0.40219.1
Project("{FAE04EC0-301F-11D3-BF4B-00C04F79EFBC}") = "15_Selection_Sort", "15_Selection_Sort\15_Selection_Sort.csproj", "{F21D1F0A-8ABA-4770-B17E-91F8F51C0030}"
EndProject
Global
	GlobalSection(SolutionConfigurationPlatforms) = preSolution
		Debug|Any CPU = Debug|Any CPU
		Release|Any CPU = Release|Any CPU
	EndGlobalSection
	GlobalSection(ProjectConfigurationPlatforms) = postSolution
		{F21D1F0A-8ABA-4770-B17E-91F8F51C0030}.Debug|Any CPU.ActiveCfg = Debug|Any CPU
		{F21D1F0A-8ABA-4770-B17E-91F8F51C0030}.Debug|Any CPU.Build.0 = Debug|Any CPU
		{F21D1F0A-8ABA-4770-B17E-91F8F51C0030}.Release|Any CPU.ActiveCfg = Release|Any CPU
		{F21D1F0A-8ABA-4770-B17E-91F8F51C0030}.Release|Any CPU.Build.0 = Release|Any CPU
	EndGlobalSection
	GlobalSection(SolutionProperties) = preSolution
		HideSolutionNode = FALSE
	EndGlobalSection
	GlobalSection(ExtensibilityGlobals) = postSolution
		SolutionGuid = {2BB126FA-332F-4796-ADE4-B0C79EA27026}
	EndGlobalSection
EndGlobal
