
Microsoft Visual Studio Solution File, Format Version 12.00
# Visual Studio Version 17
VisualStudioVersion = 17.6.33815.320
MinimumVisualStudioVersion = 10.0.40219.1
Project("{FAE04EC0-301F-11D3-BF4B-00C04F79EFBC}") = "18_Addition_of_Bitwis_operator", "18_Addition_of_Bitwis_operator\18_Addition_of_Bitwis_operator.csproj", "{56F8E693-C045-40F0-AAA6-FA126FA5E517}"
EndProject
Global
	GlobalSection(SolutionConfigurationPlatforms) = preSolution
		Debug|Any CPU = Debug|Any CPU
		Release|Any CPU = Release|Any CPU
	EndGlobalSection
	GlobalSection(ProjectConfigurationPlatforms) = postSolution
		{56F8E693-C045-40F0-AAA6-FA126FA5E517}.Debug|Any CPU.ActiveCfg = Debug|Any CPU
		{56F8E693-C045-40F0-AAA6-FA126FA5E517}.Debug|Any CPU.Build.0 = Debug|Any CPU
		{56F8E693-C045-40F0-AAA6-FA126FA5E517}.Release|Any CPU.ActiveCfg = Release|Any CPU
		{56F8E693-C045-40F0-AAA6-FA126FA5E517}.Release|Any CPU.Build.0 = Release|Any CPU
	EndGlobalSection
	GlobalSection(SolutionProperties) = preSolution
		HideSolutionNode = FALSE
	EndGlobalSection
	GlobalSection(ExtensibilityGlobals) = postSolution
		SolutionGuid = {C54960E7-3507-471C-BCD6-5BA8E5DEDC80}
	EndGlobalSection
EndGlobal
