
Microsoft Visual Studio Solution File, Format Version 12.00
# Visual Studio Version 17
VisualStudioVersion = 17.6.33815.320
MinimumVisualStudioVersion = 10.0.40219.1
Project("{FAE04EC0-301F-11D3-BF4B-00C04F79EFBC}") = "1_Search_array _Element", "1_Search_array _Element\1_Search_array _Element.csproj", "{7EA321C6-5F8C-4FA3-84F7-FC5CDAD6DEDB}"
EndProject
Global
	GlobalSection(SolutionConfigurationPlatforms) = preSolution
		Debug|Any CPU = Debug|Any CPU
		Release|Any CPU = Release|Any CPU
	EndGlobalSection
	GlobalSection(ProjectConfigurationPlatforms) = postSolution
		{7EA321C6-5F8C-4FA3-84F7-FC5CDAD6DEDB}.Debug|Any CPU.ActiveCfg = Debug|Any CPU
		{7EA321C6-5F8C-4FA3-84F7-FC5CDAD6DEDB}.Debug|Any CPU.Build.0 = Debug|Any CPU
		{7EA321C6-5F8C-4FA3-84F7-FC5CDAD6DEDB}.Release|Any CPU.ActiveCfg = Release|Any CPU
		{7EA321C6-5F8C-4FA3-84F7-FC5CDAD6DEDB}.Release|Any CPU.Build.0 = Release|Any CPU
	EndGlobalSection
	GlobalSection(SolutionProperties) = preSolution
		HideSolutionNode = FALSE
	EndGlobalSection
	GlobalSection(ExtensibilityGlobals) = postSolution
		SolutionGuid = {8B0DB3D4-8551-4D35-A132-2B6664371409}
	EndGlobalSection
EndGlobal
