
Microsoft Visual Studio Solution File, Format Version 12.00
# Visual Studio Version 17
VisualStudioVersion = 17.6.33815.320
MinimumVisualStudioVersion = 10.0.40219.1
Project("{FAE04EC0-301F-11D3-BF4B-00C04F79EFBC}") = "6_Remove_An_Element_From_Array", "6_Remove_An_Element_From_Array\6_Remove_An_Element_From_Array.csproj", "{A097BD07-2B68-46F9-B8EA-9B569F8380B5}"
EndProject
Global
	GlobalSection(SolutionConfigurationPlatforms) = preSolution
		Debug|Any CPU = Debug|Any CPU
		Release|Any CPU = Release|Any CPU
	EndGlobalSection
	GlobalSection(ProjectConfigurationPlatforms) = postSolution
		{A097BD07-2B68-46F9-B8EA-9B569F8380B5}.Debug|Any CPU.ActiveCfg = Debug|Any CPU
		{A097BD07-2B68-46F9-B8EA-9B569F8380B5}.Debug|Any CPU.Build.0 = Debug|Any CPU
		{A097BD07-2B68-46F9-B8EA-9B569F8380B5}.Release|Any CPU.ActiveCfg = Release|Any CPU
		{A097BD07-2B68-46F9-B8EA-9B569F8380B5}.Release|Any CPU.Build.0 = Release|Any CPU
	EndGlobalSection
	GlobalSection(SolutionProperties) = preSolution
		HideSolutionNode = FALSE
	EndGlobalSection
	GlobalSection(ExtensibilityGlobals) = postSolution
		SolutionGuid = {DE51DDAD-5068-4A27-B311-78D6899A83D0}
	EndGlobalSection
EndGlobal
