
Microsoft Visual Studio Solution File, Format Version 12.00
# Visual Studio Version 17
VisualStudioVersion = 17.6.33815.320
MinimumVisualStudioVersion = 10.0.40219.1
Project("{FAE04EC0-301F-11D3-BF4B-00C04F79EFBC}") = "9_Unique_Duplicate_Element", "9_Unique_Duplicate_Element\9_Unique_Duplicate_Element.csproj", "{CA0D2D89-6C6F-4938-BE40-30A31EEFE70B}"
EndProject
Global
	GlobalSection(SolutionConfigurationPlatforms) = preSolution
		Debug|Any CPU = Debug|Any CPU
		Release|Any CPU = Release|Any CPU
	EndGlobalSection
	GlobalSection(ProjectConfigurationPlatforms) = postSolution
		{CA0D2D89-6C6F-4938-BE40-30A31EEFE70B}.Debug|Any CPU.ActiveCfg = Debug|Any CPU
		{CA0D2D89-6C6F-4938-BE40-30A31EEFE70B}.Debug|Any CPU.Build.0 = Debug|Any CPU
		{CA0D2D89-6C6F-4938-BE40-30A31EEFE70B}.Release|Any CPU.ActiveCfg = Release|Any CPU
		{CA0D2D89-6C6F-4938-BE40-30A31EEFE70B}.Release|Any CPU.Build.0 = Release|Any CPU
	EndGlobalSection
	GlobalSection(SolutionProperties) = preSolution
		HideSolutionNode = FALSE
	EndGlobalSection
	GlobalSection(ExtensibilityGlobals) = postSolution
		SolutionGuid = {0ACB3DAE-025E-4F5E-841E-B1EE7449227B}
	EndGlobalSection
EndGlobal
